
Microsoft Visual Studio Solution File, Format Version 11.00
# Visual Studio 2010
Project("{FAE04EC0-301F-11D3-BF4B-00C04F79EFBC}") = "Assembly-CSharp", "Assembly-CSharp.csproj", "{908708B4-EC5F-BE4F-40C2-F7C5C4D1104B}"
EndProject
Global
	GlobalSection(SolutionConfigurationPlatforms) = preSolution
		Debug|Any CPU = Debug|Any CPU
		Release|Any CPU = Release|Any CPU
	EndGlobalSection
	GlobalSection(ProjectConfigurationPlatforms) = postSolution
		{908708B4-EC5F-BE4F-40C2-F7C5C4D1104B}.Debug|Any CPU.ActiveCfg = Debug|Any CPU
		{908708B4-EC5F-BE4F-40C2-F7C5C4D1104B}.Debug|Any CPU.Build.0 = Debug|Any CPU
		{908708B4-EC5F-BE4F-40C2-F7C5C4D1104B}.Release|Any CPU.ActiveCfg = Release|Any CPU
		{908708B4-EC5F-BE4F-40C2-F7C5C4D1104B}.Release|Any CPU.Build.0 = Release|Any CPU
	EndGlobalSection
	GlobalSection(SolutionProperties) = preSolution
		HideSolutionNode = FALSE
	EndGlobalSection
EndGlobal
